{
  "version": 4,
  "terraform_version": "1.14.4",
  "serial": 1,
  "lineage": "1892adff-49c5-d75a-5e3d-0498f6d8c122",
  "outputs": {},
  "resources": [
    {
      "mode": "data",
      "type": "openstack_compute_flavor_v2",
      "name": "m3_xlarge",
      "provider": "provider[\"registry.terraform.io/terraform-provider-openstack/openstack\"]",
      "instances": [
        {
          "schema_version": 0,
          "attributes": {
            "description": "",
            "disk": 30,
            "extra_specs": {
              "flavor_class:name": "standard-v3",
              "nectar:rate": "0.457",
              "production": "\u003cor\u003e true \u003cor\u003e m3",
              "quota:cpu_shares": "1024"
            },
            "flavor_id": "8b3bac8d-a44f-40f2-8516-533c18030434",
            "id": "8b3bac8d-a44f-40f2-8516-533c18030434",
            "is_public": true,
            "min_disk": null,
            "min_ram": null,
            "name": "m3.xlarge",
            "ram": 32768,
            "region": "Melbourne",
            "rx_tx_factor": 1,
            "swap": 0,
            "vcpus": 16
          },
          "sensitive_attributes": [],
          "identity_schema_version": 0
        }
      ]
    },
    {
      "mode": "data",
      "type": "openstack_compute_keypair_v2",
      "name": "drai_inn_keypair",
      "provider": "provider[\"registry.terraform.io/terraform-provider-openstack/openstack\"]",
      "instances": [
        {
          "schema_version": 0,
          "attributes": {
            "fingerprint": "87:33:e3:9b:97:c4:ac:af:d6:fd:43:fe:2a:32:47:02",
            "id": "drai-inn-keypair",
            "name": "drai-inn-keypair",
            "public_key": "ssh-ed25519 AAAAC3NzaC1lZDI1NTE5AAAAIJnmHdyvjUDdRxHQTnlDtq8WWRnPJLSe9A0D/P0N+OCg",
            "region": "Melbourne",
            "user_id": "01c4104259414df9be08be5edc3d3178"
          },
          "sensitive_attributes": [],
          "identity_schema_version": 0
        }
      ]
    },
    {
      "mode": "data",
      "type": "openstack_images_image_v2",
      "name": "portal_image",
      "provider": "provider[\"registry.terraform.io/terraform-provider-openstack/openstack\"]",
      "instances": [
        {
          "schema_version": 0,
          "attributes": {
            "checksum": "d835b53a433277426c0da0d45b80176c",
            "container_format": "bare",
            "created_at": "2026-01-27T02:22:14Z",
            "disk_format": "qcow2",
            "file": "/v2/images/71d4797b-8951-4d1f-b572-27e8767d8a1b/file",
            "hidden": false,
            "id": "71d4797b-8951-4d1f-b572-27e8767d8a1b",
            "member_status": null,
            "metadata": {},
            "min_disk_gb": 0,
            "min_ram_mb": 0,
            "most_recent": false,
            "name": "NeCTAR Ubuntu 24.04 LTS (Noble) amd64",
            "name_regex": null,
            "owner": "28eadf5ad64b42a4929b2fb7df99275c",
            "properties": {
              "architecture": "x86_64",
              "automatic_updates": "security",
              "default_user": "ubuntu",
              "hw_qemu_guest_agent": "True",
              "murano_image_info": "{\"title\": \"NeCTAR Ubuntu 24.04 LTS (Noble) amd64\", \"type\": \"linux.ubuntu\"}",
              "nectar_build": "28",
              "nectar_name": "Ubuntu 24.04 LTS (Noble) amd64",
              "os_distro": "ubuntu",
              "os_hash_algo": "sha512",
              "os_hash_value": "00e537b037ac34e3e1a9f4db3aeaa68c0b9142d38f8b024462ae76093610ce984713cef10d0b3e7aba33d5ed3f0f19fadbb211299fdf602b2c04e7ef09cf62d0",
              "os_version": "24.04",
              "owner_specified.openstack.md5": "",
              "owner_specified.openstack.object": "images/NeCTAR Ubuntu 24.04 LTS (Noble) amd64",
              "owner_specified.openstack.sha256": "",
              "stores": "nectar_swift"
            },
            "protected": false,
            "region": "Melbourne",
            "schema": "/v2/schemas/image",
            "size_bytes": 1442840576,
            "size_max": null,
            "size_min": null,
            "sort": "name:asc",
            "tag": null,
            "tags": [],
            "updated_at": "2026-01-27T02:26:57Z",
            "visibility": "public"
          },
          "sensitive_attributes": [],
          "identity_schema_version": 0
        }
      ]
    },
    {
      "mode": "data",
      "type": "openstack_networking_network_v2",
      "name": "auckland_public",
      "provider": "provider[\"registry.terraform.io/terraform-provider-openstack/openstack\"]",
      "instances": [
        {
          "schema_version": 0,
          "attributes": {
            "admin_state_up": "true",
            "all_tags": [],
            "availability_zone_hints": [],
            "description": "",
            "dns_domain": "",
            "external": false,
            "id": "b97f545e-90fe-471f-8fde-a49491bd620f",
            "matching_subnet_cidr": null,
            "mtu": 9000,
            "name": "auckland-public",
            "network_id": null,
            "region": "Melbourne",
            "segments": [],
            "shared": "true",
            "status": null,
            "subnets": [
              "1803e237-cb6e-4713-b6f8-1fa6c79e33e8"
            ],
            "tags": null,
            "tenant_id": "1",
            "transparent_vlan": false
          },
          "sensitive_attributes": [],
          "identity_schema_version": 0
        }
      ]
    },
    {
      "mode": "data",
      "type": "openstack_networking_secgroup_v2",
      "name": "digital_twins",
      "provider": "provider[\"registry.terraform.io/terraform-provider-openstack/openstack\"]",
      "instances": [
        {
          "schema_version": 0,
          "attributes": {
            "all_tags": [],
            "description": "",
            "id": "7e1c631e-f6c9-4b24-ad1c-9bf176bf20fa",
            "name": "DigitalTWINS platform",
            "region": "Melbourne",
            "secgroup_id": null,
            "stateful": true,
            "tags": null,
            "tenant_id": "76f84625ee51456b9f98ace08226f900"
          },
          "sensitive_attributes": [],
          "identity_schema_version": 0
        }
      ]
    },
    {
      "mode": "managed",
      "type": "openstack_compute_instance_v2",
      "name": "cc",
      "provider": "provider[\"registry.terraform.io/terraform-provider-openstack/openstack\"]",
      "instances": [
        {
          "schema_version": 0,
          "attributes": {
            "access_ip_v4": "130.216.217.5",
            "access_ip_v6": "",
            "admin_pass": null,
            "all_metadata": {},
            "all_tags": [],
            "availability_zone": "auckland",
            "availability_zone_hints": null,
            "block_device": [
              {
                "boot_index": 0,
                "delete_on_termination": true,
                "destination_type": "volume",
                "device_type": "",
                "disk_bus": "",
                "guest_format": "",
                "multiattach": false,
                "source_type": "image",
                "uuid": "71d4797b-8951-4d1f-b572-27e8767d8a1b",
                "volume_size": 100,
                "volume_type": ""
              }
            ],
            "config_drive": null,
            "created": "2026-04-15 00:19:43 +0000 UTC",
            "flavor_id": "8b3bac8d-a44f-40f2-8516-533c18030434",
            "flavor_name": "m3.xlarge",
            "force_delete": false,
            "hypervisor_hostname": "",
            "id": "43785fef-e1d0-431a-b0dc-08920b1ab904",
            "image_id": "Attempt to boot from volume - no image supplied",
            "image_name": null,
            "key_pair": "drai-inn-keypair",
            "metadata": null,
            "name": "drai_cc",
            "network": [
              {
                "access_network": false,
                "fixed_ip_v4": "130.216.217.5",
                "fixed_ip_v6": "",
                "mac": "fa:16:3e:8f:32:aa",
                "name": "auckland-public",
                "port": "ec4ea4f3-95e4-4d56-a115-698f01703ba5",
                "uuid": "b97f545e-90fe-471f-8fde-a49491bd620f"
              }
            ],
            "network_mode": null,
            "personality": [],
            "power_state": "active",
            "region": "Melbourne",
            "scheduler_hints": [],
            "security_groups": [
              "DigitalTWINS platform",
              "default",
              "drai_ssh_restricted",
              "drai_web_server"
            ],
            "stop_before_destroy": false,
            "tags": null,
            "timeouts": null,
            "updated": "2026-04-15 00:22:03 +0000 UTC",
            "user_data": null,
            "vendor_options": []
          },
          "sensitive_attributes": [
            [
              {
                "type": "get_attr",
                "value": "admin_pass"
              }
            ]
          ],
          "identity_schema_version": 0,
          "private": "eyJlMmJmYjczMC1lY2FhLTExZTYtOGY4OC0zNDM2M2JjN2M0YzAiOnsiY3JlYXRlIjoxODAwMDAwMDAwMDAwLCJkZWxldGUiOjE4MDAwMDAwMDAwMDAsInVwZGF0ZSI6MTgwMDAwMDAwMDAwMH19",
          "dependencies": [
            "data.openstack_compute_flavor_v2.m3_xlarge",
            "data.openstack_compute_keypair_v2.drai_inn_keypair",
            "data.openstack_images_image_v2.portal_image",
            "data.openstack_networking_network_v2.auckland_public",
            "openstack_networking_port_v2.port_auckland_public_cc"
          ]
        }
      ]
    },
    {
      "mode": "managed",
      "type": "openstack_networking_port_secgroup_associate_v2",
      "name": "port_sec_group_cc",
      "provider": "provider[\"registry.terraform.io/terraform-provider-openstack/openstack\"]",
      "instances": [
        {
          "schema_version": 0,
          "attributes": {
            "all_security_group_ids": [
              "36360b2a-d2f5-450e-9af4-cac5771357e3",
              "4a12e999-4007-45a7-8a5a-7421d2249f74",
              "719b6646-b306-4d6c-bc4d-0934262772b2",
              "7e1c631e-f6c9-4b24-ad1c-9bf176bf20fa"
            ],
            "enforce": false,
            "id": "ec4ea4f3-95e4-4d56-a115-698f01703ba5",
            "port_id": "ec4ea4f3-95e4-4d56-a115-698f01703ba5",
            "region": "Melbourne",
            "security_group_ids": [
              "36360b2a-d2f5-450e-9af4-cac5771357e3",
              "4a12e999-4007-45a7-8a5a-7421d2249f74",
              "7e1c631e-f6c9-4b24-ad1c-9bf176bf20fa"
            ]
          },
          "sensitive_attributes": [],
          "identity_schema_version": 0,
          "private": "bnVsbA==",
          "dependencies": [
            "data.openstack_networking_network_v2.auckland_public",
            "data.openstack_networking_secgroup_v2.digital_twins",
            "openstack_networking_port_v2.port_auckland_public_cc",
            "openstack_networking_secgroup_v2.ssh_restricted",
            "openstack_networking_secgroup_v2.web_server"
          ]
        }
      ]
    },
    {
      "mode": "managed",
      "type": "openstack_networking_port_v2",
      "name": "port_auckland_public_cc",
      "provider": "provider[\"registry.terraform.io/terraform-provider-openstack/openstack\"]",
      "instances": [
        {
          "schema_version": 0,
          "attributes": {
            "admin_state_up": true,
            "all_fixed_ips": [
              "130.216.217.5"
            ],
            "all_security_group_ids": [
              "719b6646-b306-4d6c-bc4d-0934262772b2"
            ],
            "all_tags": [],
            "allowed_address_pairs": [],
            "binding": [
              {
                "host_id": "",
                "profile": "",
                "vif_details": {},
                "vif_type": "",
                "vnic_type": "normal"
              }
            ],
            "description": "",
            "device_id": "",
            "device_owner": "",
            "dns_assignment": [],
            "dns_name": "",
            "extra_dhcp_option": [],
            "fixed_ip": [],
            "id": "ec4ea4f3-95e4-4d56-a115-698f01703ba5",
            "mac_address": "fa:16:3e:8f:32:aa",
            "name": "drai_cc_public",
            "network_id": "b97f545e-90fe-471f-8fde-a49491bd620f",
            "no_fixed_ip": null,
            "no_security_groups": null,
            "port_security_enabled": true,
            "qos_policy_id": "",
            "region": "Melbourne",
            "security_group_ids": null,
            "tags": null,
            "tenant_id": "76f84625ee51456b9f98ace08226f900",
            "timeouts": null,
            "value_specs": null
          },
          "sensitive_attributes": [],
          "identity_schema_version": 0,
          "private": "eyJlMmJmYjczMC1lY2FhLTExZTYtOGY4OC0zNDM2M2JjN2M0YzAiOnsiY3JlYXRlIjo2MDAwMDAwMDAwMDAsImRlbGV0ZSI6NjAwMDAwMDAwMDAwfX0=",
          "dependencies": [
            "data.openstack_networking_network_v2.auckland_public"
          ]
        }
      ]
    },
    {
      "mode": "managed",
      "type": "openstack_networking_secgroup_rule_v2",
      "name": "ssh_restricted_rule_1",
      "provider": "provider[\"registry.terraform.io/terraform-provider-openstack/openstack\"]",
      "instances": [
        {
          "schema_version": 0,
          "attributes": {
            "description": "port 22 from mp gendev",
            "direction": "ingress",
            "ethertype": "IPv4",
            "id": "d66a4424-f6e4-4656-9094-9d1c755786cf",
            "port_range_max": 22,
            "port_range_min": 22,
            "protocol": "tcp",
            "region": "Melbourne",
            "remote_address_group_id": "",
            "remote_group_id": "",
            "remote_ip_prefix": "163.7.144.201/32",
            "security_group_id": "4a12e999-4007-45a7-8a5a-7421d2249f74",
            "tenant_id": "76f84625ee51456b9f98ace08226f900",
            "timeouts": null
          },
          "sensitive_attributes": [],
          "identity_schema_version": 0,
          "private": "eyJlMmJmYjczMC1lY2FhLTExZTYtOGY4OC0zNDM2M2JjN2M0YzAiOnsiZGVsZXRlIjo2MDAwMDAwMDAwMDB9fQ==",
          "dependencies": [
            "openstack_networking_secgroup_v2.ssh_restricted"
          ]
        }
      ]
    },
    {
      "mode": "managed",
      "type": "openstack_networking_secgroup_rule_v2",
      "name": "ssh_restricted_rule_2",
      "provider": "provider[\"registry.terraform.io/terraform-provider-openstack/openstack\"]",
      "instances": [
        {
          "schema_version": 0,
          "attributes": {
            "description": "port 22 from world",
            "direction": "ingress",
            "ethertype": "IPv4",
            "id": "f830799c-d2fb-46c4-930e-4cc4705cf00c",
            "port_range_max": 22,
            "port_range_min": 22,
            "protocol": "tcp",
            "region": "Melbourne",
            "remote_address_group_id": "",
            "remote_group_id": "",
            "remote_ip_prefix": "",
            "security_group_id": "4a12e999-4007-45a7-8a5a-7421d2249f74",
            "tenant_id": "76f84625ee51456b9f98ace08226f900",
            "timeouts": null
          },
          "sensitive_attributes": [],
          "identity_schema_version": 0,
          "private": "eyJlMmJmYjczMC1lY2FhLTExZTYtOGY4OC0zNDM2M2JjN2M0YzAiOnsiZGVsZXRlIjo2MDAwMDAwMDAwMDB9fQ==",
          "dependencies": [
            "openstack_networking_secgroup_v2.ssh_restricted"
          ]
        }
      ]
    },
    {
      "mode": "managed",
      "type": "openstack_networking_secgroup_rule_v2",
      "name": "web_server_rule_1",
      "provider": "provider[\"registry.terraform.io/terraform-provider-openstack/openstack\"]",
      "instances": [
        {
          "schema_version": 0,
          "attributes": {
            "description": "port 80 from everywhere",
            "direction": "ingress",
            "ethertype": "IPv4",
            "id": "28e29d74-9fad-4a18-b22b-ea8a9ba0fb6c",
            "port_range_max": 80,
            "port_range_min": 80,
            "protocol": "tcp",
            "region": "Melbourne",
            "remote_address_group_id": "",
            "remote_group_id": "",
            "remote_ip_prefix": "",
            "security_group_id": "36360b2a-d2f5-450e-9af4-cac5771357e3",
            "tenant_id": "76f84625ee51456b9f98ace08226f900",
            "timeouts": null
          },
          "sensitive_attributes": [],
          "identity_schema_version": 0,
          "private": "eyJlMmJmYjczMC1lY2FhLTExZTYtOGY4OC0zNDM2M2JjN2M0YzAiOnsiZGVsZXRlIjo2MDAwMDAwMDAwMDB9fQ==",
          "dependencies": [
            "openstack_networking_secgroup_v2.web_server"
          ]
        }
      ]
    },
    {
      "mode": "managed",
      "type": "openstack_networking_secgroup_rule_v2",
      "name": "web_server_rule_2",
      "provider": "provider[\"registry.terraform.io/terraform-provider-openstack/openstack\"]",
      "instances": [
        {
          "schema_version": 0,
          "attributes": {
            "description": "port 443 from everywhere",
            "direction": "ingress",
            "ethertype": "IPv4",
            "id": "8cc9ec79-d774-4a13-9c5d-61e83dcdeb87",
            "port_range_max": 443,
            "port_range_min": 443,
            "protocol": "tcp",
            "region": "Melbourne",
            "remote_address_group_id": "",
            "remote_group_id": "",
            "remote_ip_prefix": "",
            "security_group_id": "36360b2a-d2f5-450e-9af4-cac5771357e3",
            "tenant_id": "76f84625ee51456b9f98ace08226f900",
            "timeouts": null
          },
          "sensitive_attributes": [],
          "identity_schema_version": 0,
          "private": "eyJlMmJmYjczMC1lY2FhLTExZTYtOGY4OC0zNDM2M2JjN2M0YzAiOnsiZGVsZXRlIjo2MDAwMDAwMDAwMDB9fQ==",
          "dependencies": [
            "openstack_networking_secgroup_v2.web_server"
          ]
        }
      ]
    },
    {
      "mode": "managed",
      "type": "openstack_networking_secgroup_rule_v2",
      "name": "web_server_rule_8001",
      "provider": "provider[\"registry.terraform.io/terraform-provider-openstack/openstack\"]",
      "instances": [
        {
          "schema_version": 0,
          "attributes": {
            "description": "port 8001 from everywhere - admin - close later?",
            "direction": "ingress",
            "ethertype": "IPv4",
            "id": "5af414ec-1cf0-4562-adb4-14c06110cb28",
            "port_range_max": 8001,
            "port_range_min": 8001,
            "protocol": "tcp",
            "region": "Melbourne",
            "remote_address_group_id": "",
            "remote_group_id": "",
            "remote_ip_prefix": "",
            "security_group_id": "36360b2a-d2f5-450e-9af4-cac5771357e3",
            "tenant_id": "76f84625ee51456b9f98ace08226f900",
            "timeouts": null
          },
          "sensitive_attributes": [],
          "identity_schema_version": 0,
          "private": "eyJlMmJmYjczMC1lY2FhLTExZTYtOGY4OC0zNDM2M2JjN2M0YzAiOnsiZGVsZXRlIjo2MDAwMDAwMDAwMDB9fQ==",
          "dependencies": [
            "openstack_networking_secgroup_v2.web_server"
          ]
        }
      ]
    },
    {
      "mode": "managed",
      "type": "openstack_networking_secgroup_rule_v2",
      "name": "web_server_rule_8004",
      "provider": "provider[\"registry.terraform.io/terraform-provider-openstack/openstack\"]",
      "instances": [
        {
          "schema_version": 0,
          "attributes": {
            "description": "port 8004 from everywhere - admin - close later?",
            "direction": "ingress",
            "ethertype": "IPv4",
            "id": "a11b4250-e0fa-47a9-b64f-cbaf063a7674",
            "port_range_max": 8004,
            "port_range_min": 8004,
            "protocol": "tcp",
            "region": "Melbourne",
            "remote_address_group_id": "",
            "remote_group_id": "",
            "remote_ip_prefix": "",
            "security_group_id": "36360b2a-d2f5-450e-9af4-cac5771357e3",
            "tenant_id": "76f84625ee51456b9f98ace08226f900",
            "timeouts": null
          },
          "sensitive_attributes": [],
          "identity_schema_version": 0,
          "private": "eyJlMmJmYjczMC1lY2FhLTExZTYtOGY4OC0zNDM2M2JjN2M0YzAiOnsiZGVsZXRlIjo2MDAwMDAwMDAwMDB9fQ==",
          "dependencies": [
            "openstack_networking_secgroup_v2.web_server"
          ]
        }
      ]
    },
    {
      "mode": "managed",
      "type": "openstack_networking_secgroup_rule_v2",
      "name": "web_server_rule_8009",
      "provider": "provider[\"registry.terraform.io/terraform-provider-openstack/openstack\"]",
      "instances": [
        {
          "schema_version": 0,
          "attributes": {
            "description": "port 8009 from everywhere - keycloak - close later?",
            "direction": "ingress",
            "ethertype": "IPv4",
            "id": "7bb4622a-7498-4084-89c5-6e2453afc5fa",
            "port_range_max": 8009,
            "port_range_min": 8009,
            "protocol": "tcp",
            "region": "Melbourne",
            "remote_address_group_id": "",
            "remote_group_id": "",
            "remote_ip_prefix": "",
            "security_group_id": "36360b2a-d2f5-450e-9af4-cac5771357e3",
            "tenant_id": "76f84625ee51456b9f98ace08226f900",
            "timeouts": null
          },
          "sensitive_attributes": [],
          "identity_schema_version": 0,
          "private": "eyJlMmJmYjczMC1lY2FhLTExZTYtOGY4OC0zNDM2M2JjN2M0YzAiOnsiZGVsZXRlIjo2MDAwMDAwMDAwMDB9fQ==",
          "dependencies": [
            "openstack_networking_secgroup_v2.web_server"
          ]
        }
      ]
    },
    {
      "mode": "managed",
      "type": "openstack_networking_secgroup_rule_v2",
      "name": "web_server_rule_8010",
      "provider": "provider[\"registry.terraform.io/terraform-provider-openstack/openstack\"]",
      "instances": [
        {
          "schema_version": 0,
          "attributes": {
            "description": "port 8010 from everywhere - rest api - close later?",
            "direction": "ingress",
            "ethertype": "IPv4",
            "id": "e02737aa-5141-4bfe-9654-23c227fd74b1",
            "port_range_max": 8010,
            "port_range_min": 8010,
            "protocol": "tcp",
            "region": "Melbourne",
            "remote_address_group_id": "",
            "remote_group_id": "",
            "remote_ip_prefix": "",
            "security_group_id": "36360b2a-d2f5-450e-9af4-cac5771357e3",
            "tenant_id": "76f84625ee51456b9f98ace08226f900",
            "timeouts": null
          },
          "sensitive_attributes": [],
          "identity_schema_version": 0,
          "private": "eyJlMmJmYjczMC1lY2FhLTExZTYtOGY4OC0zNDM2M2JjN2M0YzAiOnsiZGVsZXRlIjo2MDAwMDAwMDAwMDB9fQ==",
          "dependencies": [
            "openstack_networking_secgroup_v2.web_server"
          ]
        }
      ]
    },
    {
      "mode": "managed",
      "type": "openstack_networking_secgroup_rule_v2",
      "name": "web_server_rule_81",
      "provider": "provider[\"registry.terraform.io/terraform-provider-openstack/openstack\"]",
      "instances": [
        {
          "schema_version": 0,
          "attributes": {
            "description": "port 81 from everywhere",
            "direction": "ingress",
            "ethertype": "IPv4",
            "id": "2222ec62-e83c-49aa-ba51-53e960a5749b",
            "port_range_max": 81,
            "port_range_min": 81,
            "protocol": "tcp",
            "region": "Melbourne",
            "remote_address_group_id": "",
            "remote_group_id": "",
            "remote_ip_prefix": "",
            "security_group_id": "36360b2a-d2f5-450e-9af4-cac5771357e3",
            "tenant_id": "76f84625ee51456b9f98ace08226f900",
            "timeouts": null
          },
          "sensitive_attributes": [],
          "identity_schema_version": 0,
          "private": "eyJlMmJmYjczMC1lY2FhLTExZTYtOGY4OC0zNDM2M2JjN2M0YzAiOnsiZGVsZXRlIjo2MDAwMDAwMDAwMDB9fQ==",
          "dependencies": [
            "openstack_networking_secgroup_v2.web_server"
          ]
        }
      ]
    },
    {
      "mode": "managed",
      "type": "openstack_networking_secgroup_v2",
      "name": "ssh_restricted",
      "provider": "provider[\"registry.terraform.io/terraform-provider-openstack/openstack\"]",
      "instances": [
        {
          "schema_version": 0,
          "attributes": {
            "all_tags": [],
            "delete_default_rules": null,
            "description": "allow 22 from restricted list",
            "id": "4a12e999-4007-45a7-8a5a-7421d2249f74",
            "name": "drai_ssh_restricted",
            "region": "Melbourne",
            "stateful": true,
            "tags": null,
            "tenant_id": "76f84625ee51456b9f98ace08226f900",
            "timeouts": null
          },
          "sensitive_attributes": [],
          "identity_schema_version": 0,
          "private": "eyJlMmJmYjczMC1lY2FhLTExZTYtOGY4OC0zNDM2M2JjN2M0YzAiOnsiZGVsZXRlIjo2MDAwMDAwMDAwMDB9fQ=="
        }
      ]
    },
    {
      "mode": "managed",
      "type": "openstack_networking_secgroup_v2",
      "name": "web_server",
      "provider": "provider[\"registry.terraform.io/terraform-provider-openstack/openstack\"]",
      "instances": [
        {
          "schema_version": 0,
          "attributes": {
            "all_tags": [],
            "delete_default_rules": null,
            "description": "allow 80 and 443 from world",
            "id": "36360b2a-d2f5-450e-9af4-cac5771357e3",
            "name": "drai_web_server",
            "region": "Melbourne",
            "stateful": true,
            "tags": null,
            "tenant_id": "76f84625ee51456b9f98ace08226f900",
            "timeouts": null
          },
          "sensitive_attributes": [],
          "identity_schema_version": 0,
          "private": "eyJlMmJmYjczMC1lY2FhLTExZTYtOGY4OC0zNDM2M2JjN2M0YzAiOnsiZGVsZXRlIjo2MDAwMDAwMDAwMDB9fQ=="
        }
      ]
    }
  ],
  "check_results": null
}
